
Microsoft Visual Studio Solution File, Format Version 12.00
Project("{FAE04EC0-301F-11D3-BF4B-00C04F79EFBC}") = "TriaDemo.RestApi", "TriaDemo.RestApi\TriaDemo.RestApi.csproj", "{6DDFFF25-E496-48D8-B74F-5396FF00566E}"
EndProject
Project("{2150E333-8FDC-42A3-9474-1A3956D46DE8}") = "Solution Items", "Solution Items", "{B80177CE-7EF4-4FF5-859B-F586764A5759}"
	ProjectSection(SolutionItems) = preProject
		compose.yaml = compose.yaml
		Dockerfile = Dockerfile
	EndProjectSection
EndProject
Project("{FAE04EC0-301F-11D3-BF4B-00C04F79EFBC}") = "TriaDemo.Service", "TriaDemo.Service\TriaDemo.Service.csproj", "{668B0575-780D-449A-B1DF-2125D3FC3EA6}"
EndProject
Project("{FAE04EC0-301F-11D3-BF4B-00C04F79EFBC}") = "TriaDemo.Repository.EntityFramework", "TriaDemo.Repository.EntityFramework\TriaDemo.Repository.EntityFramework.csproj", "{93878829-CDB5-4475-90EB-0A103F0071D4}"
EndProject
Project("{2150E333-8FDC-42A3-9474-1A3956D46DE8}") = "Libraries", "Libraries", "{72ABA090-0218-4B12-A0B9-DA484C88CE70}"
EndProject
Global
	GlobalSection(SolutionConfigurationPlatforms) = preSolution
		Debug|Any CPU = Debug|Any CPU
		Release|Any CPU = Release|Any CPU
	EndGlobalSection
	GlobalSection(ProjectConfigurationPlatforms) = postSolution
		{6DDFFF25-E496-48D8-B74F-5396FF00566E}.Debug|Any CPU.ActiveCfg = Debug|Any CPU
		{6DDFFF25-E496-48D8-B74F-5396FF00566E}.Debug|Any CPU.Build.0 = Debug|Any CPU
		{6DDFFF25-E496-48D8-B74F-5396FF00566E}.Release|Any CPU.ActiveCfg = Release|Any CPU
		{6DDFFF25-E496-48D8-B74F-5396FF00566E}.Release|Any CPU.Build.0 = Release|Any CPU
		{668B0575-780D-449A-B1DF-2125D3FC3EA6}.Debug|Any CPU.ActiveCfg = Debug|Any CPU
		{668B0575-780D-449A-B1DF-2125D3FC3EA6}.Debug|Any CPU.Build.0 = Debug|Any CPU
		{668B0575-780D-449A-B1DF-2125D3FC3EA6}.Release|Any CPU.ActiveCfg = Release|Any CPU
		{668B0575-780D-449A-B1DF-2125D3FC3EA6}.Release|Any CPU.Build.0 = Release|Any CPU
		{93878829-CDB5-4475-90EB-0A103F0071D4}.Debug|Any CPU.ActiveCfg = Debug|Any CPU
		{93878829-CDB5-4475-90EB-0A103F0071D4}.Debug|Any CPU.Build.0 = Debug|Any CPU
		{93878829-CDB5-4475-90EB-0A103F0071D4}.Release|Any CPU.ActiveCfg = Release|Any CPU
		{93878829-CDB5-4475-90EB-0A103F0071D4}.Release|Any CPU.Build.0 = Release|Any CPU
	EndGlobalSection
	GlobalSection(NestedProjects) = preSolution
		{93878829-CDB5-4475-90EB-0A103F0071D4} = {72ABA090-0218-4B12-A0B9-DA484C88CE70}
		{668B0575-780D-449A-B1DF-2125D3FC3EA6} = {72ABA090-0218-4B12-A0B9-DA484C88CE70}
	EndGlobalSection
EndGlobal
